
Microsoft Visual Studio Solution File, Format Version 12.00
# Visual Studio Version 17
VisualStudioVersion = 17.5.002.0
MinimumVisualStudioVersion = 10.0.40219.1
Project("{2150E333-8FDC-42A3-9474-1A3956D46DE8}") = "AtnRealty", "AtnRealty", "{563D2C95-9AF6-4984-B4E3-655C6EF81F74}"
EndProject
Project("{9A19103F-16F7-4668-BE54-9A1E7A4F7556}") = "AtnRealty", "AtnRealty\Files\AtnRealty.csproj", "{A64C1BFD-3CD4-4144-A8FA-41D9633622D5}"
EndProject
Project("{2150E333-8FDC-42A3-9474-1A3956D46DE8}") = "AtnRealtyMigration", "AtnRealtyMigration", "{1FAEEAB0-C24C-4114-A342-6668D3282C30}"
EndProject
Project("{9A19103F-16F7-4668-BE54-9A1E7A4F7556}") = "AtnRealtyMigration", "AtnRealtyMigration\Files\AtnRealtyMigration.csproj", "{93A46536-CF45-4E49-A192-3A79A82BB15B}"
EndProject
Project("{2150E333-8FDC-42A3-9474-1A3956D46DE8}") = "CalendarBase", "CalendarBase", "{25E0A144-5FE8-40DA-B3E4-D83DFC693E4D}"
EndProject
Project("{9A19103F-16F7-4668-BE54-9A1E7A4F7556}") = "CalendarBase", "CalendarBase\Files\CalendarBase.csproj", "{BDA547FA-3EDB-429D-947A-294A23E730AF}"
EndProject
Project("{2150E333-8FDC-42A3-9474-1A3956D46DE8}") = "CrtBaseConsts", "CrtBaseConsts", "{CCDE6D72-0D64-4864-9B50-F3DD1929FB5D}"
EndProject
Project("{9A19103F-16F7-4668-BE54-9A1E7A4F7556}") = "CrtBaseConsts", "CrtBaseConsts\Files\CrtBaseConsts.csproj", "{0E7B00F0-A27A-44D8-921C-8520F1D96FF4}"
EndProject
Project("{2150E333-8FDC-42A3-9474-1A3956D46DE8}") = "CrtC360InUiV2", "CrtC360InUiV2", "{7893CD64-A271-47B1-A5C7-567D69297EB9}"
EndProject
Project("{9A19103F-16F7-4668-BE54-9A1E7A4F7556}") = "CrtC360InUiV2", "CrtC360InUiV2\Files\CrtC360InUiV2.csproj", "{A2991F61-94AE-4C5B-BDDC-F29080794348}"
EndProject
Project("{2150E333-8FDC-42A3-9474-1A3956D46DE8}") = "CrtCalendar", "CrtCalendar", "{65BA6717-D65C-4EDA-A683-3D77D0A3DA69}"
EndProject
Project("{9A19103F-16F7-4668-BE54-9A1E7A4F7556}") = "CrtCalendar", "CrtCalendar\Files\CrtCalendar.csproj", "{16C96250-C9FD-457F-B50C-466321CB1304}"
EndProject
Project("{2150E333-8FDC-42A3-9474-1A3956D46DE8}") = "CrtCall", "CrtCall", "{9624F6A6-A8FF-48CF-B5CE-168BB259E4F1}"
EndProject
Project("{9A19103F-16F7-4668-BE54-9A1E7A4F7556}") = "CrtCall", "CrtCall\Files\CrtCall.csproj", "{24C277E6-1157-440D-91A1-778A44990018}"
EndProject
Project("{2150E333-8FDC-42A3-9474-1A3956D46DE8}") = "CrtCore", "CrtCore", "{EB2B4AA8-7F8B-4737-9BD3-BB8297A8070A}"
EndProject
Project("{9A19103F-16F7-4668-BE54-9A1E7A4F7556}") = "CrtCore", "CrtCore\Files\CrtCore.csproj", "{103DDB57-7470-4AFD-89D6-1424E6993F78}"
EndProject
Project("{2150E333-8FDC-42A3-9474-1A3956D46DE8}") = "CrtCoreBase", "CrtCoreBase", "{A6911AEC-EC6B-4FE2-9F47-DAB286338098}"
EndProject
Project("{9A19103F-16F7-4668-BE54-9A1E7A4F7556}") = "CrtCoreBase", "CrtCoreBase\Files\CrtCoreBase.csproj", "{E4BA9325-BFBA-45E3-9689-15F8CA0D5F40}"
EndProject
Project("{2150E333-8FDC-42A3-9474-1A3956D46DE8}") = "CrtCustomer360App", "CrtCustomer360App", "{46373C81-8024-4620-B11B-88C1DD7EEBFB}"
EndProject
Project("{9A19103F-16F7-4668-BE54-9A1E7A4F7556}") = "CrtCustomer360App", "CrtCustomer360App\Files\CrtCustomer360App.csproj", "{B6494F25-27E7-40AE-B28A-0E4CDBEAF8A9}"
EndProject
Project("{2150E333-8FDC-42A3-9474-1A3956D46DE8}") = "CrtCustomer360Mobile", "CrtCustomer360Mobile", "{E7B4D5F5-367C-4E2D-A0FF-844CDDBCAAAD}"
EndProject
Project("{9A19103F-16F7-4668-BE54-9A1E7A4F7556}") = "CrtCustomer360Mobile", "CrtCustomer360Mobile\Files\CrtCustomer360Mobile.csproj", "{D531E4AC-99CD-42F6-BFA8-4E6F770DC12C}"
EndProject
Project("{2150E333-8FDC-42A3-9474-1A3956D46DE8}") = "CrtEmailSender", "CrtEmailSender", "{C207A116-10EB-435D-8BAB-9E02D9D2C997}"
EndProject
Project("{9A19103F-16F7-4668-BE54-9A1E7A4F7556}") = "CrtEmailSender", "CrtEmailSender\Files\CrtEmailSender.csproj", "{30C8BA7A-7B2A-4098-A9AA-C8EFDC43A22D}"
EndProject
Project("{2150E333-8FDC-42A3-9474-1A3956D46DE8}") = "CrtEmailTemplate", "CrtEmailTemplate", "{9B1939F9-475E-4BAA-B99E-B08ACB6AA69D}"
EndProject
Project("{9A19103F-16F7-4668-BE54-9A1E7A4F7556}") = "CrtEmailTemplate", "CrtEmailTemplate\Files\CrtEmailTemplate.csproj", "{2FF9DE68-F932-46A9-9637-47ED4F63E692}"
EndProject
Project("{2150E333-8FDC-42A3-9474-1A3956D46DE8}") = "CrtFeatureToggling", "CrtFeatureToggling", "{37477E63-5666-4C95-A4B1-0C9707914D9A}"
EndProject
Project("{9A19103F-16F7-4668-BE54-9A1E7A4F7556}") = "CrtFeatureToggling", "CrtFeatureToggling\Files\CrtFeatureToggling.csproj", "{C4EBE1FA-8C6B-48FB-A620-6EBA5835AEB0}"
EndProject
Project("{2150E333-8FDC-42A3-9474-1A3956D46DE8}") = "CrtMacrosBase", "CrtMacrosBase", "{F2BF3E34-E186-43E7-B750-063F881C1657}"
EndProject
Project("{9A19103F-16F7-4668-BE54-9A1E7A4F7556}") = "CrtMacrosBase", "CrtMacrosBase\Files\CrtMacrosBase.csproj", "{BAEB2D58-56E5-4BB2-8CD5-2314BED0C890}"
EndProject
Project("{2150E333-8FDC-42A3-9474-1A3956D46DE8}") = "CrtMessage", "CrtMessage", "{5FE2267D-B462-49ED-AB4B-C70D37B96F21}"
EndProject
Project("{9A19103F-16F7-4668-BE54-9A1E7A4F7556}") = "CrtMessage", "CrtMessage\Files\CrtMessage.csproj", "{BD081CB7-0364-4A1E-BE11-7A84FDD27FBE}"
EndProject
Project("{2150E333-8FDC-42A3-9474-1A3956D46DE8}") = "CrtML", "CrtML", "{49388602-7918-4795-897A-D03BAC183EFD}"
EndProject
Project("{9A19103F-16F7-4668-BE54-9A1E7A4F7556}") = "CrtML", "CrtML\Files\CrtML.csproj", "{84E6C7F0-A4E5-4561-8923-F6FC0784CC06}"
EndProject
Project("{2150E333-8FDC-42A3-9474-1A3956D46DE8}") = "CrtMLangContent", "CrtMLangContent", "{A17C2218-A5A2-48F0-8AAF-3AD0D8B8CCBA}"
EndProject
Project("{9A19103F-16F7-4668-BE54-9A1E7A4F7556}") = "CrtMLangContent", "CrtMLangContent\Files\CrtMLangContent.csproj", "{2E5BC2A9-8DE5-48BD-84DE-6C3C2A6F43AC}"
EndProject
Project("{2150E333-8FDC-42A3-9474-1A3956D46DE8}") = "CrtNextStep", "CrtNextStep", "{970A596C-DDC5-4501-AFB6-5D1C19DC00A9}"
EndProject
Project("{9A19103F-16F7-4668-BE54-9A1E7A4F7556}") = "CrtNextStep", "CrtNextStep\Files\CrtNextStep.csproj", "{94C96F91-16EF-494E-B79A-F1D332D3DDC6}"
EndProject
Project("{2150E333-8FDC-42A3-9474-1A3956D46DE8}") = "CrtOmnichannelApp", "CrtOmnichannelApp", "{B8D5B088-84AC-441B-AA67-FC75B318C0BC}"
EndProject
Project("{9A19103F-16F7-4668-BE54-9A1E7A4F7556}") = "CrtOmnichannelApp", "CrtOmnichannelApp\Files\CrtOmnichannelApp.csproj", "{342BEC7D-6334-4FED-9862-75F0C50468C8}"
EndProject
Project("{2150E333-8FDC-42A3-9474-1A3956D46DE8}") = "CrtProductivityApp", "CrtProductivityApp", "{68D6ADCB-E382-468E-86CA-33CC58DAA025}"
EndProject
Project("{9A19103F-16F7-4668-BE54-9A1E7A4F7556}") = "CrtProductivityApp", "CrtProductivityApp\Files\CrtProductivityApp.csproj", "{9BB181E2-5FFC-452C-88B5-580FFE7D38C7}"
EndProject
Project("{2150E333-8FDC-42A3-9474-1A3956D46DE8}") = "CrtSecurity", "CrtSecurity", "{9C501040-5241-451C-A7B7-E25FB1DB1CFC}"
EndProject
Project("{9A19103F-16F7-4668-BE54-9A1E7A4F7556}") = "CrtSecurity", "CrtSecurity\Files\CrtSecurity.csproj", "{BAA19E26-FA58-41A8-94EF-C251E9B6DD6B}"
EndProject
Project("{2150E333-8FDC-42A3-9474-1A3956D46DE8}") = "CrtSmsIntegration", "CrtSmsIntegration", "{19E879C7-7614-4361-99A3-1011660A85DD}"
EndProject
Project("{9A19103F-16F7-4668-BE54-9A1E7A4F7556}") = "CrtSmsIntegration", "CrtSmsIntegration\Files\CrtSmsIntegration.csproj", "{921D846A-18B8-49ED-91B3-BB76B7658605}"
EndProject
Project("{2150E333-8FDC-42A3-9474-1A3956D46DE8}") = "CrtTouchPointBase", "CrtTouchPointBase", "{9E7D1044-8920-422B-9D4F-7827448E672D}"
EndProject
Project("{9A19103F-16F7-4668-BE54-9A1E7A4F7556}") = "CrtTouchPointBase", "CrtTouchPointBase\Files\CrtTouchPointBase.csproj", "{D120CCDF-DE01-4E21-8830-3A1133B73E96}"
EndProject
Project("{2150E333-8FDC-42A3-9474-1A3956D46DE8}") = "CrtUIPlatform", "CrtUIPlatform", "{F9A04FAF-7800-48E3-8740-EA6B7A6031E3}"
EndProject
Project("{9A19103F-16F7-4668-BE54-9A1E7A4F7556}") = "CrtUIPlatform", "CrtUIPlatform\Files\CrtUIPlatform.csproj", "{B36A94BB-3042-40EC-91F6-F97DA398D208}"
EndProject
Project("{2150E333-8FDC-42A3-9474-1A3956D46DE8}") = "CrtUIPlatform7x", "CrtUIPlatform7x", "{98A38883-084B-431B-B1C3-9B1823D6C6FA}"
EndProject
Project("{9A19103F-16F7-4668-BE54-9A1E7A4F7556}") = "CrtUIPlatform7x", "CrtUIPlatform7x\Files\CrtUIPlatform7x.csproj", "{099B4DE1-53B5-4F52-948A-C0C24F8D4829}"
EndProject
Project("{2150E333-8FDC-42A3-9474-1A3956D46DE8}") = "CrtUISwitcher", "CrtUISwitcher", "{B245276D-7A0F-44CF-819A-AE0E552B2AC9}"
EndProject
Project("{9A19103F-16F7-4668-BE54-9A1E7A4F7556}") = "CrtUISwitcher", "CrtUISwitcher\Files\CrtUISwitcher.csproj", "{AC37B025-9265-4269-9242-108B448785E6}"
EndProject
Project("{2150E333-8FDC-42A3-9474-1A3956D46DE8}") = "CrtWebFormBase", "CrtWebFormBase", "{2C0B9CE9-FD5F-437B-A00A-E5E2ABB8401E}"
EndProject
Project("{9A19103F-16F7-4668-BE54-9A1E7A4F7556}") = "CrtWebFormBase", "CrtWebFormBase\Files\CrtWebFormBase.csproj", "{AC4622CE-1A46-4B93-B7F4-EE63333BBA62}"
EndProject
Project("{2150E333-8FDC-42A3-9474-1A3956D46DE8}") = "CrtWebhookServiceBase", "CrtWebhookServiceBase", "{1D079E9F-749C-4041-B3B0-A57498EBA336}"
EndProject
Project("{9A19103F-16F7-4668-BE54-9A1E7A4F7556}") = "CrtWebhookServiceBase", "CrtWebhookServiceBase\Files\CrtWebhookServiceBase.csproj", "{3DCDD6C1-656C-45F2-A62E-67525D2A8EFC}"
EndProject
Project("{2150E333-8FDC-42A3-9474-1A3956D46DE8}") = "CSL_MaintenanceTools", "CSL_MaintenanceTools", "{53DE7501-20B1-4CC8-86C4-B60F83492C5E}"
EndProject
Project("{9A19103F-16F7-4668-BE54-9A1E7A4F7556}") = "CSL_MaintenanceTools", "CSL_MaintenanceTools\Files\CSL_MaintenanceTools.csproj", "{F747C57B-F073-4F82-BA6C-8390E29F1B8B}"
EndProject
Project("{2150E333-8FDC-42A3-9474-1A3956D46DE8}") = "CSP", "CSP", "{4DA24809-A25D-47E4-A389-0AC2E8799DD7}"
EndProject
Project("{9A19103F-16F7-4668-BE54-9A1E7A4F7556}") = "CSP", "CSP\Files\CSP.csproj", "{965BF2A6-875B-44A5-8947-0FBFED173F63}"
EndProject
Project("{2150E333-8FDC-42A3-9474-1A3956D46DE8}") = "DevClassic", "DevClassic", "{5A1D83FE-9E57-4DF2-B0C1-0E7200BCB885}"
EndProject
Project("{9A19103F-16F7-4668-BE54-9A1E7A4F7556}") = "DevClassic", "DevClassic\Files\DevClassic.csproj", "{82231BDC-16D8-4A08-BDBC-307CE58B990C}"
EndProject
Project("{2150E333-8FDC-42A3-9474-1A3956D46DE8}") = "FeatureToggling", "FeatureToggling", "{0B6A82BE-6804-4248-AD5B-09269CAE7F38}"
EndProject
Project("{9A19103F-16F7-4668-BE54-9A1E7A4F7556}") = "FeatureToggling", "FeatureToggling\Files\FeatureToggling.csproj", "{4CCD210D-3CB3-4F84-BB6F-0EF45E1B8AB6}"
EndProject
Project("{2150E333-8FDC-42A3-9474-1A3956D46DE8}") = "Finesse", "Finesse", "{341D7D7E-8DAF-4F3C-8347-F2DF3944DD33}"
EndProject
Project("{9A19103F-16F7-4668-BE54-9A1E7A4F7556}") = "Finesse", "Finesse\Files\Finesse.csproj", "{B38B002A-7FDD-47FA-9522-10FCFEFD37C6}"
EndProject
Project("{2150E333-8FDC-42A3-9474-1A3956D46DE8}") = "MLProcessDesigner", "MLProcessDesigner", "{350BC6F2-07BE-4409-8B0A-EBFC5CA4A3B9}"
EndProject
Project("{9A19103F-16F7-4668-BE54-9A1E7A4F7556}") = "MLProcessDesigner", "MLProcessDesigner\Files\MLProcessDesigner.csproj", "{BF61DD6D-0D97-4954-B23D-294D1F097EEC}"
EndProject
Project("{2150E333-8FDC-42A3-9474-1A3956D46DE8}") = "OpenIdAuth", "OpenIdAuth", "{BAA1B9FB-BF66-46C8-A080-2F8C9CCA186B}"
EndProject
Project("{9A19103F-16F7-4668-BE54-9A1E7A4F7556}") = "OpenIdAuth", "OpenIdAuth\Files\OpenIdAuth.csproj", "{0B5B0A68-38BE-4199-AA42-47C46EDA9E13}"
EndProject
Project("{2150E333-8FDC-42A3-9474-1A3956D46DE8}") = "SsoSettings", "SsoSettings", "{073D11AF-F358-4C44-828E-ADE8ECC5456F}"
EndProject
Project("{9A19103F-16F7-4668-BE54-9A1E7A4F7556}") = "SsoSettings", "SsoSettings\Files\SsoSettings.csproj", "{23AE6FF8-BECE-441E-BCE1-F6199649C603}"
EndProject
Project("{2150E333-8FDC-42A3-9474-1A3956D46DE8}") = "XSSProtection", "XSSProtection", "{59CCD119-B634-4C1B-8137-73C0CF18FF7E}"
EndProject
Project("{9A19103F-16F7-4668-BE54-9A1E7A4F7556}") = "XSSProtection", "XSSProtection\Files\XSSProtection.csproj", "{84EE1D64-B4FF-4AA4-ABD1-A13EAF1E723F}"
EndProject
Global
	GlobalSection(SolutionConfigurationPlatforms) = preSolution
		Debug|Any CPU = Debug|Any CPU
		Release|Any CPU = Release|Any CPU
	EndGlobalSection
	GlobalSection(ProjectConfigurationPlatforms) = postSolution
		{A64C1BFD-3CD4-4144-A8FA-41D9633622D5}.Debug|Any CPU.ActiveCfg = Debug|Any CPU
		{A64C1BFD-3CD4-4144-A8FA-41D9633622D5}.Debug|Any CPU.Build.0 = Debug|Any CPU
		{A64C1BFD-3CD4-4144-A8FA-41D9633622D5}.Release|Any CPU.ActiveCfg = Release|Any CPU
		{A64C1BFD-3CD4-4144-A8FA-41D9633622D5}.Release|Any CPU.Build.0 = Release|Any CPU
		{93A46536-CF45-4E49-A192-3A79A82BB15B}.Debug|Any CPU.ActiveCfg = Debug|Any CPU
		{93A46536-CF45-4E49-A192-3A79A82BB15B}.Debug|Any CPU.Build.0 = Debug|Any CPU
		{93A46536-CF45-4E49-A192-3A79A82BB15B}.Release|Any CPU.ActiveCfg = Release|Any CPU
		{93A46536-CF45-4E49-A192-3A79A82BB15B}.Release|Any CPU.Build.0 = Release|Any CPU
		{BDA547FA-3EDB-429D-947A-294A23E730AF}.Debug|Any CPU.ActiveCfg = Debug|Any CPU
		{BDA547FA-3EDB-429D-947A-294A23E730AF}.Debug|Any CPU.Build.0 = Debug|Any CPU
		{BDA547FA-3EDB-429D-947A-294A23E730AF}.Release|Any CPU.ActiveCfg = Release|Any CPU
		{BDA547FA-3EDB-429D-947A-294A23E730AF}.Release|Any CPU.Build.0 = Release|Any CPU
		{0E7B00F0-A27A-44D8-921C-8520F1D96FF4}.Debug|Any CPU.ActiveCfg = Debug|Any CPU
		{0E7B00F0-A27A-44D8-921C-8520F1D96FF4}.Debug|Any CPU.Build.0 = Debug|Any CPU
		{0E7B00F0-A27A-44D8-921C-8520F1D96FF4}.Release|Any CPU.ActiveCfg = Release|Any CPU
		{0E7B00F0-A27A-44D8-921C-8520F1D96FF4}.Release|Any CPU.Build.0 = Release|Any CPU
		{A2991F61-94AE-4C5B-BDDC-F29080794348}.Debug|Any CPU.ActiveCfg = Debug|Any CPU
		{A2991F61-94AE-4C5B-BDDC-F29080794348}.Debug|Any CPU.Build.0 = Debug|Any CPU
		{A2991F61-94AE-4C5B-BDDC-F29080794348}.Release|Any CPU.ActiveCfg = Release|Any CPU
		{A2991F61-94AE-4C5B-BDDC-F29080794348}.Release|Any CPU.Build.0 = Release|Any CPU
		{16C96250-C9FD-457F-B50C-466321CB1304}.Debug|Any CPU.ActiveCfg = Debug|Any CPU
		{16C96250-C9FD-457F-B50C-466321CB1304}.Debug|Any CPU.Build.0 = Debug|Any CPU
		{16C96250-C9FD-457F-B50C-466321CB1304}.Release|Any CPU.ActiveCfg = Release|Any CPU
		{16C96250-C9FD-457F-B50C-466321CB1304}.Release|Any CPU.Build.0 = Release|Any CPU
		{24C277E6-1157-440D-91A1-778A44990018}.Debug|Any CPU.ActiveCfg = Debug|Any CPU
		{24C277E6-1157-440D-91A1-778A44990018}.Debug|Any CPU.Build.0 = Debug|Any CPU
		{24C277E6-1157-440D-91A1-778A44990018}.Release|Any CPU.ActiveCfg = Release|Any CPU
		{24C277E6-1157-440D-91A1-778A44990018}.Release|Any CPU.Build.0 = Release|Any CPU
		{103DDB57-7470-4AFD-89D6-1424E6993F78}.Debug|Any CPU.ActiveCfg = Debug|Any CPU
		{103DDB57-7470-4AFD-89D6-1424E6993F78}.Debug|Any CPU.Build.0 = Debug|Any CPU
		{103DDB57-7470-4AFD-89D6-1424E6993F78}.Release|Any CPU.ActiveCfg = Release|Any CPU
		{103DDB57-7470-4AFD-89D6-1424E6993F78}.Release|Any CPU.Build.0 = Release|Any CPU
		{E4BA9325-BFBA-45E3-9689-15F8CA0D5F40}.Debug|Any CPU.ActiveCfg = Debug|Any CPU
		{E4BA9325-BFBA-45E3-9689-15F8CA0D5F40}.Debug|Any CPU.Build.0 = Debug|Any CPU
		{E4BA9325-BFBA-45E3-9689-15F8CA0D5F40}.Release|Any CPU.ActiveCfg = Release|Any CPU
		{E4BA9325-BFBA-45E3-9689-15F8CA0D5F40}.Release|Any CPU.Build.0 = Release|Any CPU
		{B6494F25-27E7-40AE-B28A-0E4CDBEAF8A9}.Debug|Any CPU.ActiveCfg = Debug|Any CPU
		{B6494F25-27E7-40AE-B28A-0E4CDBEAF8A9}.Debug|Any CPU.Build.0 = Debug|Any CPU
		{B6494F25-27E7-40AE-B28A-0E4CDBEAF8A9}.Release|Any CPU.ActiveCfg = Release|Any CPU
		{B6494F25-27E7-40AE-B28A-0E4CDBEAF8A9}.Release|Any CPU.Build.0 = Release|Any CPU
		{D531E4AC-99CD-42F6-BFA8-4E6F770DC12C}.Debug|Any CPU.ActiveCfg = Debug|Any CPU
		{D531E4AC-99CD-42F6-BFA8-4E6F770DC12C}.Debug|Any CPU.Build.0 = Debug|Any CPU
		{D531E4AC-99CD-42F6-BFA8-4E6F770DC12C}.Release|Any CPU.ActiveCfg = Release|Any CPU
		{D531E4AC-99CD-42F6-BFA8-4E6F770DC12C}.Release|Any CPU.Build.0 = Release|Any CPU
		{30C8BA7A-7B2A-4098-A9AA-C8EFDC43A22D}.Debug|Any CPU.ActiveCfg = Debug|Any CPU
		{30C8BA7A-7B2A-4098-A9AA-C8EFDC43A22D}.Debug|Any CPU.Build.0 = Debug|Any CPU
		{30C8BA7A-7B2A-4098-A9AA-C8EFDC43A22D}.Release|Any CPU.ActiveCfg = Release|Any CPU
		{30C8BA7A-7B2A-4098-A9AA-C8EFDC43A22D}.Release|Any CPU.Build.0 = Release|Any CPU
		{2FF9DE68-F932-46A9-9637-47ED4F63E692}.Debug|Any CPU.ActiveCfg = Debug|Any CPU
		{2FF9DE68-F932-46A9-9637-47ED4F63E692}.Debug|Any CPU.Build.0 = Debug|Any CPU
		{2FF9DE68-F932-46A9-9637-47ED4F63E692}.Release|Any CPU.ActiveCfg = Release|Any CPU
		{2FF9DE68-F932-46A9-9637-47ED4F63E692}.Release|Any CPU.Build.0 = Release|Any CPU
		{C4EBE1FA-8C6B-48FB-A620-6EBA5835AEB0}.Debug|Any CPU.ActiveCfg = Debug|Any CPU
		{C4EBE1FA-8C6B-48FB-A620-6EBA5835AEB0}.Debug|Any CPU.Build.0 = Debug|Any CPU
		{C4EBE1FA-8C6B-48FB-A620-6EBA5835AEB0}.Release|Any CPU.ActiveCfg = Release|Any CPU
		{C4EBE1FA-8C6B-48FB-A620-6EBA5835AEB0}.Release|Any CPU.Build.0 = Release|Any CPU
		{BAEB2D58-56E5-4BB2-8CD5-2314BED0C890}.Debug|Any CPU.ActiveCfg = Debug|Any CPU
		{BAEB2D58-56E5-4BB2-8CD5-2314BED0C890}.Debug|Any CPU.Build.0 = Debug|Any CPU
		{BAEB2D58-56E5-4BB2-8CD5-2314BED0C890}.Release|Any CPU.ActiveCfg = Release|Any CPU
		{BAEB2D58-56E5-4BB2-8CD5-2314BED0C890}.Release|Any CPU.Build.0 = Release|Any CPU
		{BD081CB7-0364-4A1E-BE11-7A84FDD27FBE}.Debug|Any CPU.ActiveCfg = Debug|Any CPU
		{BD081CB7-0364-4A1E-BE11-7A84FDD27FBE}.Debug|Any CPU.Build.0 = Debug|Any CPU
		{BD081CB7-0364-4A1E-BE11-7A84FDD27FBE}.Release|Any CPU.ActiveCfg = Release|Any CPU
		{BD081CB7-0364-4A1E-BE11-7A84FDD27FBE}.Release|Any CPU.Build.0 = Release|Any CPU
		{84E6C7F0-A4E5-4561-8923-F6FC0784CC06}.Debug|Any CPU.ActiveCfg = Debug|Any CPU
		{84E6C7F0-A4E5-4561-8923-F6FC0784CC06}.Debug|Any CPU.Build.0 = Debug|Any CPU
		{84E6C7F0-A4E5-4561-8923-F6FC0784CC06}.Release|Any CPU.ActiveCfg = Release|Any CPU
		{84E6C7F0-A4E5-4561-8923-F6FC0784CC06}.Release|Any CPU.Build.0 = Release|Any CPU
		{2E5BC2A9-8DE5-48BD-84DE-6C3C2A6F43AC}.Debug|Any CPU.ActiveCfg = Debug|Any CPU
		{2E5BC2A9-8DE5-48BD-84DE-6C3C2A6F43AC}.Debug|Any CPU.Build.0 = Debug|Any CPU
		{2E5BC2A9-8DE5-48BD-84DE-6C3C2A6F43AC}.Release|Any CPU.ActiveCfg = Release|Any CPU
		{2E5BC2A9-8DE5-48BD-84DE-6C3C2A6F43AC}.Release|Any CPU.Build.0 = Release|Any CPU
		{94C96F91-16EF-494E-B79A-F1D332D3DDC6}.Debug|Any CPU.ActiveCfg = Debug|Any CPU
		{94C96F91-16EF-494E-B79A-F1D332D3DDC6}.Debug|Any CPU.Build.0 = Debug|Any CPU
		{94C96F91-16EF-494E-B79A-F1D332D3DDC6}.Release|Any CPU.ActiveCfg = Release|Any CPU
		{94C96F91-16EF-494E-B79A-F1D332D3DDC6}.Release|Any CPU.Build.0 = Release|Any CPU
		{342BEC7D-6334-4FED-9862-75F0C50468C8}.Debug|Any CPU.ActiveCfg = Debug|Any CPU
		{342BEC7D-6334-4FED-9862-75F0C50468C8}.Debug|Any CPU.Build.0 = Debug|Any CPU
		{342BEC7D-6334-4FED-9862-75F0C50468C8}.Release|Any CPU.ActiveCfg = Release|Any CPU
		{342BEC7D-6334-4FED-9862-75F0C50468C8}.Release|Any CPU.Build.0 = Release|Any CPU
		{9BB181E2-5FFC-452C-88B5-580FFE7D38C7}.Debug|Any CPU.ActiveCfg = Debug|Any CPU
		{9BB181E2-5FFC-452C-88B5-580FFE7D38C7}.Debug|Any CPU.Build.0 = Debug|Any CPU
		{9BB181E2-5FFC-452C-88B5-580FFE7D38C7}.Release|Any CPU.ActiveCfg = Release|Any CPU
		{9BB181E2-5FFC-452C-88B5-580FFE7D38C7}.Release|Any CPU.Build.0 = Release|Any CPU
		{BAA19E26-FA58-41A8-94EF-C251E9B6DD6B}.Debug|Any CPU.ActiveCfg = Debug|Any CPU
		{BAA19E26-FA58-41A8-94EF-C251E9B6DD6B}.Debug|Any CPU.Build.0 = Debug|Any CPU
		{BAA19E26-FA58-41A8-94EF-C251E9B6DD6B}.Release|Any CPU.ActiveCfg = Release|Any CPU
		{BAA19E26-FA58-41A8-94EF-C251E9B6DD6B}.Release|Any CPU.Build.0 = Release|Any CPU
		{921D846A-18B8-49ED-91B3-BB76B7658605}.Debug|Any CPU.ActiveCfg = Debug|Any CPU
		{921D846A-18B8-49ED-91B3-BB76B7658605}.Debug|Any CPU.Build.0 = Debug|Any CPU
		{921D846A-18B8-49ED-91B3-BB76B7658605}.Release|Any CPU.ActiveCfg = Release|Any CPU
		{921D846A-18B8-49ED-91B3-BB76B7658605}.Release|Any CPU.Build.0 = Release|Any CPU
		{D120CCDF-DE01-4E21-8830-3A1133B73E96}.Debug|Any CPU.ActiveCfg = Debug|Any CPU
		{D120CCDF-DE01-4E21-8830-3A1133B73E96}.Debug|Any CPU.Build.0 = Debug|Any CPU
		{D120CCDF-DE01-4E21-8830-3A1133B73E96}.Release|Any CPU.ActiveCfg = Release|Any CPU
		{D120CCDF-DE01-4E21-8830-3A1133B73E96}.Release|Any CPU.Build.0 = Release|Any CPU
		{B36A94BB-3042-40EC-91F6-F97DA398D208}.Debug|Any CPU.ActiveCfg = Debug|Any CPU
		{B36A94BB-3042-40EC-91F6-F97DA398D208}.Debug|Any CPU.Build.0 = Debug|Any CPU
		{B36A94BB-3042-40EC-91F6-F97DA398D208}.Release|Any CPU.ActiveCfg = Release|Any CPU
		{B36A94BB-3042-40EC-91F6-F97DA398D208}.Release|Any CPU.Build.0 = Release|Any CPU
		{099B4DE1-53B5-4F52-948A-C0C24F8D4829}.Debug|Any CPU.ActiveCfg = Debug|Any CPU
		{099B4DE1-53B5-4F52-948A-C0C24F8D4829}.Debug|Any CPU.Build.0 = Debug|Any CPU
		{099B4DE1-53B5-4F52-948A-C0C24F8D4829}.Release|Any CPU.ActiveCfg = Release|Any CPU
		{099B4DE1-53B5-4F52-948A-C0C24F8D4829}.Release|Any CPU.Build.0 = Release|Any CPU
		{AC37B025-9265-4269-9242-108B448785E6}.Debug|Any CPU.ActiveCfg = Debug|Any CPU
		{AC37B025-9265-4269-9242-108B448785E6}.Debug|Any CPU.Build.0 = Debug|Any CPU
		{AC37B025-9265-4269-9242-108B448785E6}.Release|Any CPU.ActiveCfg = Release|Any CPU
		{AC37B025-9265-4269-9242-108B448785E6}.Release|Any CPU.Build.0 = Release|Any CPU
		{AC4622CE-1A46-4B93-B7F4-EE63333BBA62}.Debug|Any CPU.ActiveCfg = Debug|Any CPU
		{AC4622CE-1A46-4B93-B7F4-EE63333BBA62}.Debug|Any CPU.Build.0 = Debug|Any CPU
		{AC4622CE-1A46-4B93-B7F4-EE63333BBA62}.Release|Any CPU.ActiveCfg = Release|Any CPU
		{AC4622CE-1A46-4B93-B7F4-EE63333BBA62}.Release|Any CPU.Build.0 = Release|Any CPU
		{3DCDD6C1-656C-45F2-A62E-67525D2A8EFC}.Debug|Any CPU.ActiveCfg = Debug|Any CPU
		{3DCDD6C1-656C-45F2-A62E-67525D2A8EFC}.Debug|Any CPU.Build.0 = Debug|Any CPU
		{3DCDD6C1-656C-45F2-A62E-67525D2A8EFC}.Release|Any CPU.ActiveCfg = Release|Any CPU
		{3DCDD6C1-656C-45F2-A62E-67525D2A8EFC}.Release|Any CPU.Build.0 = Release|Any CPU
		{F747C57B-F073-4F82-BA6C-8390E29F1B8B}.Debug|Any CPU.ActiveCfg = Debug|Any CPU
		{F747C57B-F073-4F82-BA6C-8390E29F1B8B}.Debug|Any CPU.Build.0 = Debug|Any CPU
		{F747C57B-F073-4F82-BA6C-8390E29F1B8B}.Release|Any CPU.ActiveCfg = Release|Any CPU
		{F747C57B-F073-4F82-BA6C-8390E29F1B8B}.Release|Any CPU.Build.0 = Release|Any CPU
		{965BF2A6-875B-44A5-8947-0FBFED173F63}.Debug|Any CPU.ActiveCfg = Debug|Any CPU
		{965BF2A6-875B-44A5-8947-0FBFED173F63}.Debug|Any CPU.Build.0 = Debug|Any CPU
		{965BF2A6-875B-44A5-8947-0FBFED173F63}.Release|Any CPU.ActiveCfg = Release|Any CPU
		{965BF2A6-875B-44A5-8947-0FBFED173F63}.Release|Any CPU.Build.0 = Release|Any CPU
		{82231BDC-16D8-4A08-BDBC-307CE58B990C}.Debug|Any CPU.ActiveCfg = Debug|Any CPU
		{82231BDC-16D8-4A08-BDBC-307CE58B990C}.Debug|Any CPU.Build.0 = Debug|Any CPU
		{82231BDC-16D8-4A08-BDBC-307CE58B990C}.Release|Any CPU.ActiveCfg = Release|Any CPU
		{82231BDC-16D8-4A08-BDBC-307CE58B990C}.Release|Any CPU.Build.0 = Release|Any CPU
		{4CCD210D-3CB3-4F84-BB6F-0EF45E1B8AB6}.Debug|Any CPU.ActiveCfg = Debug|Any CPU
		{4CCD210D-3CB3-4F84-BB6F-0EF45E1B8AB6}.Debug|Any CPU.Build.0 = Debug|Any CPU
		{4CCD210D-3CB3-4F84-BB6F-0EF45E1B8AB6}.Release|Any CPU.ActiveCfg = Release|Any CPU
		{4CCD210D-3CB3-4F84-BB6F-0EF45E1B8AB6}.Release|Any CPU.Build.0 = Release|Any CPU
		{B38B002A-7FDD-47FA-9522-10FCFEFD37C6}.Debug|Any CPU.ActiveCfg = Debug|Any CPU
		{B38B002A-7FDD-47FA-9522-10FCFEFD37C6}.Debug|Any CPU.Build.0 = Debug|Any CPU
		{B38B002A-7FDD-47FA-9522-10FCFEFD37C6}.Release|Any CPU.ActiveCfg = Release|Any CPU
		{B38B002A-7FDD-47FA-9522-10FCFEFD37C6}.Release|Any CPU.Build.0 = Release|Any CPU
		{BF61DD6D-0D97-4954-B23D-294D1F097EEC}.Debug|Any CPU.ActiveCfg = Debug|Any CPU
		{BF61DD6D-0D97-4954-B23D-294D1F097EEC}.Debug|Any CPU.Build.0 = Debug|Any CPU
		{BF61DD6D-0D97-4954-B23D-294D1F097EEC}.Release|Any CPU.ActiveCfg = Release|Any CPU
		{BF61DD6D-0D97-4954-B23D-294D1F097EEC}.Release|Any CPU.Build.0 = Release|Any CPU
		{0B5B0A68-38BE-4199-AA42-47C46EDA9E13}.Debug|Any CPU.ActiveCfg = Debug|Any CPU
		{0B5B0A68-38BE-4199-AA42-47C46EDA9E13}.Debug|Any CPU.Build.0 = Debug|Any CPU
		{0B5B0A68-38BE-4199-AA42-47C46EDA9E13}.Release|Any CPU.ActiveCfg = Release|Any CPU
		{0B5B0A68-38BE-4199-AA42-47C46EDA9E13}.Release|Any CPU.Build.0 = Release|Any CPU
		{23AE6FF8-BECE-441E-BCE1-F6199649C603}.Debug|Any CPU.ActiveCfg = Debug|Any CPU
		{23AE6FF8-BECE-441E-BCE1-F6199649C603}.Debug|Any CPU.Build.0 = Debug|Any CPU
		{23AE6FF8-BECE-441E-BCE1-F6199649C603}.Release|Any CPU.ActiveCfg = Release|Any CPU
		{23AE6FF8-BECE-441E-BCE1-F6199649C603}.Release|Any CPU.Build.0 = Release|Any CPU
		{84EE1D64-B4FF-4AA4-ABD1-A13EAF1E723F}.Debug|Any CPU.ActiveCfg = Debug|Any CPU
		{84EE1D64-B4FF-4AA4-ABD1-A13EAF1E723F}.Debug|Any CPU.Build.0 = Debug|Any CPU
		{84EE1D64-B4FF-4AA4-ABD1-A13EAF1E723F}.Release|Any CPU.ActiveCfg = Release|Any CPU
		{84EE1D64-B4FF-4AA4-ABD1-A13EAF1E723F}.Release|Any CPU.Build.0 = Release|Any CPU
	EndGlobalSection
	GlobalSection(SolutionProperties) = preSolution
		HideSolutionNode = FALSE
	EndGlobalSection
	GlobalSection(NestedProjects) = preSolution
		{A64C1BFD-3CD4-4144-A8FA-41D9633622D5} = {563D2C95-9AF6-4984-B4E3-655C6EF81F74}
		{93A46536-CF45-4E49-A192-3A79A82BB15B} = {1FAEEAB0-C24C-4114-A342-6668D3282C30}
		{BDA547FA-3EDB-429D-947A-294A23E730AF} = {25E0A144-5FE8-40DA-B3E4-D83DFC693E4D}
		{0E7B00F0-A27A-44D8-921C-8520F1D96FF4} = {CCDE6D72-0D64-4864-9B50-F3DD1929FB5D}
		{A2991F61-94AE-4C5B-BDDC-F29080794348} = {7893CD64-A271-47B1-A5C7-567D69297EB9}
		{16C96250-C9FD-457F-B50C-466321CB1304} = {65BA6717-D65C-4EDA-A683-3D77D0A3DA69}
		{24C277E6-1157-440D-91A1-778A44990018} = {9624F6A6-A8FF-48CF-B5CE-168BB259E4F1}
		{103DDB57-7470-4AFD-89D6-1424E6993F78} = {EB2B4AA8-7F8B-4737-9BD3-BB8297A8070A}
		{E4BA9325-BFBA-45E3-9689-15F8CA0D5F40} = {A6911AEC-EC6B-4FE2-9F47-DAB286338098}
		{B6494F25-27E7-40AE-B28A-0E4CDBEAF8A9} = {46373C81-8024-4620-B11B-88C1DD7EEBFB}
		{D531E4AC-99CD-42F6-BFA8-4E6F770DC12C} = {E7B4D5F5-367C-4E2D-A0FF-844CDDBCAAAD}
		{30C8BA7A-7B2A-4098-A9AA-C8EFDC43A22D} = {C207A116-10EB-435D-8BAB-9E02D9D2C997}
		{2FF9DE68-F932-46A9-9637-47ED4F63E692} = {9B1939F9-475E-4BAA-B99E-B08ACB6AA69D}
		{C4EBE1FA-8C6B-48FB-A620-6EBA5835AEB0} = {37477E63-5666-4C95-A4B1-0C9707914D9A}
		{BAEB2D58-56E5-4BB2-8CD5-2314BED0C890} = {F2BF3E34-E186-43E7-B750-063F881C1657}
		{BD081CB7-0364-4A1E-BE11-7A84FDD27FBE} = {5FE2267D-B462-49ED-AB4B-C70D37B96F21}
		{84E6C7F0-A4E5-4561-8923-F6FC0784CC06} = {49388602-7918-4795-897A-D03BAC183EFD}
		{2E5BC2A9-8DE5-48BD-84DE-6C3C2A6F43AC} = {A17C2218-A5A2-48F0-8AAF-3AD0D8B8CCBA}
		{94C96F91-16EF-494E-B79A-F1D332D3DDC6} = {970A596C-DDC5-4501-AFB6-5D1C19DC00A9}
		{342BEC7D-6334-4FED-9862-75F0C50468C8} = {B8D5B088-84AC-441B-AA67-FC75B318C0BC}
		{9BB181E2-5FFC-452C-88B5-580FFE7D38C7} = {68D6ADCB-E382-468E-86CA-33CC58DAA025}
		{BAA19E26-FA58-41A8-94EF-C251E9B6DD6B} = {9C501040-5241-451C-A7B7-E25FB1DB1CFC}
		{921D846A-18B8-49ED-91B3-BB76B7658605} = {19E879C7-7614-4361-99A3-1011660A85DD}
		{D120CCDF-DE01-4E21-8830-3A1133B73E96} = {9E7D1044-8920-422B-9D4F-7827448E672D}
		{B36A94BB-3042-40EC-91F6-F97DA398D208} = {F9A04FAF-7800-48E3-8740-EA6B7A6031E3}
		{099B4DE1-53B5-4F52-948A-C0C24F8D4829} = {98A38883-084B-431B-B1C3-9B1823D6C6FA}
		{AC37B025-9265-4269-9242-108B448785E6} = {B245276D-7A0F-44CF-819A-AE0E552B2AC9}
		{AC4622CE-1A46-4B93-B7F4-EE63333BBA62} = {2C0B9CE9-FD5F-437B-A00A-E5E2ABB8401E}
		{3DCDD6C1-656C-45F2-A62E-67525D2A8EFC} = {1D079E9F-749C-4041-B3B0-A57498EBA336}
		{F747C57B-F073-4F82-BA6C-8390E29F1B8B} = {53DE7501-20B1-4CC8-86C4-B60F83492C5E}
		{965BF2A6-875B-44A5-8947-0FBFED173F63} = {4DA24809-A25D-47E4-A389-0AC2E8799DD7}
		{82231BDC-16D8-4A08-BDBC-307CE58B990C} = {5A1D83FE-9E57-4DF2-B0C1-0E7200BCB885}
		{4CCD210D-3CB3-4F84-BB6F-0EF45E1B8AB6} = {0B6A82BE-6804-4248-AD5B-09269CAE7F38}
		{B38B002A-7FDD-47FA-9522-10FCFEFD37C6} = {341D7D7E-8DAF-4F3C-8347-F2DF3944DD33}
		{BF61DD6D-0D97-4954-B23D-294D1F097EEC} = {350BC6F2-07BE-4409-8B0A-EBFC5CA4A3B9}
		{0B5B0A68-38BE-4199-AA42-47C46EDA9E13} = {BAA1B9FB-BF66-46C8-A080-2F8C9CCA186B}
		{23AE6FF8-BECE-441E-BCE1-F6199649C603} = {073D11AF-F358-4C44-828E-ADE8ECC5456F}
		{84EE1D64-B4FF-4AA4-ABD1-A13EAF1E723F} = {59CCD119-B634-4C1B-8137-73C0CF18FF7E}
	EndGlobalSection
	GlobalSection(ExtensibilityGlobals) = postSolution
		SolutionGuid = {7EB845EA-B101-4407-AE34-F5312AB932A8}
	EndGlobalSection
EndGlobal
